
Microsoft Visual Studio Solution File, Format Version 12.00
# Visual Studio Version 16
VisualStudioVersion = 16.0.31729.503
MinimumVisualStudioVersion = 10.0.40219.1
Project("{FAE04EC0-301F-11D3-BF4B-00C04F79EFBC}") = "RE_ICA13", "RE_ICA13\RE_ICA13.csproj", "{37D50413-5702-405F-A52F-F5D0F02AB26A}"
EndProject
Global
	GlobalSection(SolutionConfigurationPlatforms) = preSolution
		Debug|Any CPU = Debug|Any CPU
		Release|Any CPU = Release|Any CPU
	EndGlobalSection
	GlobalSection(ProjectConfigurationPlatforms) = postSolution
		{37D50413-5702-405F-A52F-F5D0F02AB26A}.Debug|Any CPU.ActiveCfg = Debug|Any CPU
		{37D50413-5702-405F-A52F-F5D0F02AB26A}.Debug|Any CPU.Build.0 = Debug|Any CPU
		{37D50413-5702-405F-A52F-F5D0F02AB26A}.Release|Any CPU.ActiveCfg = Release|Any CPU
		{37D50413-5702-405F-A52F-F5D0F02AB26A}.Release|Any CPU.Build.0 = Release|Any CPU
	EndGlobalSection
	GlobalSection(SolutionProperties) = preSolution
		HideSolutionNode = FALSE
	EndGlobalSection
	GlobalSection(ExtensibilityGlobals) = postSolution
		SolutionGuid = {6000C24F-5753-4863-8049-46F4E49FB136}
	EndGlobalSection
EndGlobal
